
Microsoft Visual Studio Solution File, Format Version 12.00
# Visual Studio Version 17
VisualStudioVersion = 17.8.34330.188
MinimumVisualStudioVersion = 10.0.40219.1
Project("{2150E333-8FDC-42A3-9474-1A3956D46DE8}") = "src", "src", "{A6DCD9E8-5A0B-4CDA-8D3D-BE00387930B0}"
EndProject
Project("{2150E333-8FDC-42A3-9474-1A3956D46DE8}") = "tests", "tests", "{9FB7AA3E-0F06-4C6E-8566-469A86509DEF}"
EndProject
Project("{9A19103F-16F7-4668-BE54-9A1E7A4F7556}") = "LensUp.BackOfficeService.API", "src\LensUp.BackOfficeService.API\LensUp.BackOfficeService.API.csproj", "{FE120B73-F68F-409F-AD50-B2B34FE715F1}"
EndProject
Project("{9A19103F-16F7-4668-BE54-9A1E7A4F7556}") = "LensUp.BackOfficeService.Domain", "src\LensUp.BackOfficeService.Domain\LensUp.BackOfficeService.Domain.csproj", "{B220991C-C6DB-4812-8DDD-7CE9C49FF6BC}"
EndProject
Project("{9A19103F-16F7-4668-BE54-9A1E7A4F7556}") = "LensUp.BackOfficeService.Infrastructure", "src\LensUp.BackOfficeService.Infrastructure\LensUp.BackOfficeService.Infrastructure.csproj", "{B54DF78F-08A9-4F01-9CB5-6F0AA4574319}"
EndProject
Project("{9A19103F-16F7-4668-BE54-9A1E7A4F7556}") = "LensUp.BackOfficeService.Application", "src\LensUp.BackOfficeService.Application\LensUp.BackOfficeService.Application.csproj", "{5DDD3102-0137-4C6E-B661-26E91B78A19E}"
EndProject
Project("{2150E333-8FDC-42A3-9474-1A3956D46DE8}") = "shared", "shared", "{45BBB491-93B4-4997-B9C4-A44296D6F93F}"
EndProject
Project("{9A19103F-16F7-4668-BE54-9A1E7A4F7556}") = "LensUp.Common.Types", "..\common\src\LensUp.Common.Types\LensUp.Common.Types.csproj", "{B1868F37-FD4B-4747-9A97-56D771C44EB8}"
EndProject
Project("{9A19103F-16F7-4668-BE54-9A1E7A4F7556}") = "LensUp.Common.AzureTableStorage", "..\common\src\LensUp.Common.AzureTableStorage\LensUp.Common.AzureTableStorage.csproj", "{7001EAED-3354-4000-86B4-43C47964EEB3}"
EndProject
Project("{9A19103F-16F7-4668-BE54-9A1E7A4F7556}") = "LensUp.BackOfficeService.UnitTests", "tests\LensUp.BackOfficeService.UnitTests\LensUp.BackOfficeService.UnitTests.csproj", "{B7AA23C4-82B9-4AC7-B62F-F5C468B6E916}"
EndProject
Project("{9A19103F-16F7-4668-BE54-9A1E7A4F7556}") = "LensUp.Common.AzureBlobStorage", "..\common\src\LensUp.Common.AzureBlobStorage\LensUp.Common.AzureBlobStorage.csproj", "{D16AC144-16D7-42FE-9329-7D26F11371A2}"
EndProject
Project("{9A19103F-16F7-4668-BE54-9A1E7A4F7556}") = "LensUp.Common.AzureQueueStorage", "..\common\src\LensUp.Common.AzureQueueStorage\LensUp.Common.AzureQueueStorage.csproj", "{3A378C57-D99C-492E-BF1F-3D5F4C05B66C}"
EndProject
Project("{FAE04EC0-301F-11D3-BF4B-00C04F79EFBC}") = "LensUp.BackOfficeService.Contracts", "src\LensUp.BackOfficeService.Contracts\LensUp.BackOfficeService.Contracts.csproj", "{4D3C9B65-41A5-439D-9BD0-2A5B0B615D73}"
EndProject
Global
	GlobalSection(SolutionConfigurationPlatforms) = preSolution
		Debug|Any CPU = Debug|Any CPU
		Release|Any CPU = Release|Any CPU
	EndGlobalSection
	GlobalSection(ProjectConfigurationPlatforms) = postSolution
		{FE120B73-F68F-409F-AD50-B2B34FE715F1}.Debug|Any CPU.ActiveCfg = Debug|Any CPU
		{FE120B73-F68F-409F-AD50-B2B34FE715F1}.Debug|Any CPU.Build.0 = Debug|Any CPU
		{FE120B73-F68F-409F-AD50-B2B34FE715F1}.Release|Any CPU.ActiveCfg = Release|Any CPU
		{FE120B73-F68F-409F-AD50-B2B34FE715F1}.Release|Any CPU.Build.0 = Release|Any CPU
		{B220991C-C6DB-4812-8DDD-7CE9C49FF6BC}.Debug|Any CPU.ActiveCfg = Debug|Any CPU
		{B220991C-C6DB-4812-8DDD-7CE9C49FF6BC}.Debug|Any CPU.Build.0 = Debug|Any CPU
		{B220991C-C6DB-4812-8DDD-7CE9C49FF6BC}.Release|Any CPU.ActiveCfg = Release|Any CPU
		{B220991C-C6DB-4812-8DDD-7CE9C49FF6BC}.Release|Any CPU.Build.0 = Release|Any CPU
		{B54DF78F-08A9-4F01-9CB5-6F0AA4574319}.Debug|Any CPU.ActiveCfg = Debug|Any CPU
		{B54DF78F-08A9-4F01-9CB5-6F0AA4574319}.Debug|Any CPU.Build.0 = Debug|Any CPU
		{B54DF78F-08A9-4F01-9CB5-6F0AA4574319}.Release|Any CPU.ActiveCfg = Release|Any CPU
		{B54DF78F-08A9-4F01-9CB5-6F0AA4574319}.Release|Any CPU.Build.0 = Release|Any CPU
		{5DDD3102-0137-4C6E-B661-26E91B78A19E}.Debug|Any CPU.ActiveCfg = Debug|Any CPU
		{5DDD3102-0137-4C6E-B661-26E91B78A19E}.Debug|Any CPU.Build.0 = Debug|Any CPU
		{5DDD3102-0137-4C6E-B661-26E91B78A19E}.Release|Any CPU.ActiveCfg = Release|Any CPU
		{5DDD3102-0137-4C6E-B661-26E91B78A19E}.Release|Any CPU.Build.0 = Release|Any CPU
		{B1868F37-FD4B-4747-9A97-56D771C44EB8}.Debug|Any CPU.ActiveCfg = Debug|Any CPU
		{B1868F37-FD4B-4747-9A97-56D771C44EB8}.Debug|Any CPU.Build.0 = Debug|Any CPU
		{B1868F37-FD4B-4747-9A97-56D771C44EB8}.Release|Any CPU.ActiveCfg = Release|Any CPU
		{B1868F37-FD4B-4747-9A97-56D771C44EB8}.Release|Any CPU.Build.0 = Release|Any CPU
		{7001EAED-3354-4000-86B4-43C47964EEB3}.Debug|Any CPU.ActiveCfg = Debug|Any CPU
		{7001EAED-3354-4000-86B4-43C47964EEB3}.Debug|Any CPU.Build.0 = Debug|Any CPU
		{7001EAED-3354-4000-86B4-43C47964EEB3}.Release|Any CPU.ActiveCfg = Release|Any CPU
		{7001EAED-3354-4000-86B4-43C47964EEB3}.Release|Any CPU.Build.0 = Release|Any CPU
		{B7AA23C4-82B9-4AC7-B62F-F5C468B6E916}.Debug|Any CPU.ActiveCfg = Debug|Any CPU
		{B7AA23C4-82B9-4AC7-B62F-F5C468B6E916}.Debug|Any CPU.Build.0 = Debug|Any CPU
		{B7AA23C4-82B9-4AC7-B62F-F5C468B6E916}.Release|Any CPU.ActiveCfg = Release|Any CPU
		{B7AA23C4-82B9-4AC7-B62F-F5C468B6E916}.Release|Any CPU.Build.0 = Release|Any CPU
		{D16AC144-16D7-42FE-9329-7D26F11371A2}.Debug|Any CPU.ActiveCfg = Debug|Any CPU
		{D16AC144-16D7-42FE-9329-7D26F11371A2}.Debug|Any CPU.Build.0 = Debug|Any CPU
		{D16AC144-16D7-42FE-9329-7D26F11371A2}.Release|Any CPU.ActiveCfg = Release|Any CPU
		{D16AC144-16D7-42FE-9329-7D26F11371A2}.Release|Any CPU.Build.0 = Release|Any CPU
		{3A378C57-D99C-492E-BF1F-3D5F4C05B66C}.Debug|Any CPU.ActiveCfg = Debug|Any CPU
		{3A378C57-D99C-492E-BF1F-3D5F4C05B66C}.Debug|Any CPU.Build.0 = Debug|Any CPU
		{3A378C57-D99C-492E-BF1F-3D5F4C05B66C}.Release|Any CPU.ActiveCfg = Release|Any CPU
		{3A378C57-D99C-492E-BF1F-3D5F4C05B66C}.Release|Any CPU.Build.0 = Release|Any CPU
		{4D3C9B65-41A5-439D-9BD0-2A5B0B615D73}.Debug|Any CPU.ActiveCfg = Debug|Any CPU
		{4D3C9B65-41A5-439D-9BD0-2A5B0B615D73}.Debug|Any CPU.Build.0 = Debug|Any CPU
		{4D3C9B65-41A5-439D-9BD0-2A5B0B615D73}.Release|Any CPU.ActiveCfg = Release|Any CPU
		{4D3C9B65-41A5-439D-9BD0-2A5B0B615D73}.Release|Any CPU.Build.0 = Release|Any CPU
	EndGlobalSection
	GlobalSection(SolutionProperties) = preSolution
		HideSolutionNode = FALSE
	EndGlobalSection
	GlobalSection(NestedProjects) = preSolution
		{FE120B73-F68F-409F-AD50-B2B34FE715F1} = {A6DCD9E8-5A0B-4CDA-8D3D-BE00387930B0}
		{B220991C-C6DB-4812-8DDD-7CE9C49FF6BC} = {A6DCD9E8-5A0B-4CDA-8D3D-BE00387930B0}
		{B54DF78F-08A9-4F01-9CB5-6F0AA4574319} = {A6DCD9E8-5A0B-4CDA-8D3D-BE00387930B0}
		{5DDD3102-0137-4C6E-B661-26E91B78A19E} = {A6DCD9E8-5A0B-4CDA-8D3D-BE00387930B0}
		{45BBB491-93B4-4997-B9C4-A44296D6F93F} = {A6DCD9E8-5A0B-4CDA-8D3D-BE00387930B0}
		{B1868F37-FD4B-4747-9A97-56D771C44EB8} = {45BBB491-93B4-4997-B9C4-A44296D6F93F}
		{7001EAED-3354-4000-86B4-43C47964EEB3} = {45BBB491-93B4-4997-B9C4-A44296D6F93F}
		{B7AA23C4-82B9-4AC7-B62F-F5C468B6E916} = {9FB7AA3E-0F06-4C6E-8566-469A86509DEF}
		{D16AC144-16D7-42FE-9329-7D26F11371A2} = {45BBB491-93B4-4997-B9C4-A44296D6F93F}
		{3A378C57-D99C-492E-BF1F-3D5F4C05B66C} = {45BBB491-93B4-4997-B9C4-A44296D6F93F}
		{4D3C9B65-41A5-439D-9BD0-2A5B0B615D73} = {A6DCD9E8-5A0B-4CDA-8D3D-BE00387930B0}
	EndGlobalSection
	GlobalSection(ExtensibilityGlobals) = postSolution
		SolutionGuid = {35CB7969-9AD1-42D8-B03C-C802B94FB3F2}
	EndGlobalSection
EndGlobal
