
Microsoft Visual Studio Solution File, Format Version 12.00
# Visual Studio Version 17
VisualStudioVersion = 17.8.34330.188
MinimumVisualStudioVersion = 10.0.40219.1
Project("{9A19103F-16F7-4668-BE54-9A1E7A4F7556}") = "LensUp.WebhooksTriggerSimulator", "LensUp.WebhooksTriggerSimulator.csproj", "{C13D4E71-E8F0-4DED-8E91-3650B785CE37}"
EndProject
Project("{2150E333-8FDC-42A3-9474-1A3956D46DE8}") = "shared", "shared", "{F0C992A0-9D5A-49B1-AB1A-F3A389B40B51}"
EndProject
Project("{9A19103F-16F7-4668-BE54-9A1E7A4F7556}") = "LensUp.Common.Types", "..\common\src\LensUp.Common.Types\LensUp.Common.Types.csproj", "{F38A675E-B739-402B-A726-3DB71028D958}"
EndProject
Project("{9A19103F-16F7-4668-BE54-9A1E7A4F7556}") = "LensUp.PhotoCollectorService.Contracts", "..\photo-collector-service\src\LensUp.PhotoCollectorService.Contracts\LensUp.PhotoCollectorService.Contracts.csproj", "{5F9C68D1-6415-430B-9C9A-C8C70570BAAC}"
EndProject
Global
	GlobalSection(SolutionConfigurationPlatforms) = preSolution
		Debug|Any CPU = Debug|Any CPU
		Release|Any CPU = Release|Any CPU
	EndGlobalSection
	GlobalSection(ProjectConfigurationPlatforms) = postSolution
		{C13D4E71-E8F0-4DED-8E91-3650B785CE37}.Debug|Any CPU.ActiveCfg = Debug|Any CPU
		{C13D4E71-E8F0-4DED-8E91-3650B785CE37}.Debug|Any CPU.Build.0 = Debug|Any CPU
		{C13D4E71-E8F0-4DED-8E91-3650B785CE37}.Release|Any CPU.ActiveCfg = Release|Any CPU
		{C13D4E71-E8F0-4DED-8E91-3650B785CE37}.Release|Any CPU.Build.0 = Release|Any CPU
		{F38A675E-B739-402B-A726-3DB71028D958}.Debug|Any CPU.ActiveCfg = Debug|Any CPU
		{F38A675E-B739-402B-A726-3DB71028D958}.Debug|Any CPU.Build.0 = Debug|Any CPU
		{F38A675E-B739-402B-A726-3DB71028D958}.Release|Any CPU.ActiveCfg = Release|Any CPU
		{F38A675E-B739-402B-A726-3DB71028D958}.Release|Any CPU.Build.0 = Release|Any CPU
		{5F9C68D1-6415-430B-9C9A-C8C70570BAAC}.Debug|Any CPU.ActiveCfg = Debug|Any CPU
		{5F9C68D1-6415-430B-9C9A-C8C70570BAAC}.Debug|Any CPU.Build.0 = Debug|Any CPU
		{5F9C68D1-6415-430B-9C9A-C8C70570BAAC}.Release|Any CPU.ActiveCfg = Release|Any CPU
		{5F9C68D1-6415-430B-9C9A-C8C70570BAAC}.Release|Any CPU.Build.0 = Release|Any CPU
	EndGlobalSection
	GlobalSection(SolutionProperties) = preSolution
		HideSolutionNode = FALSE
	EndGlobalSection
	GlobalSection(NestedProjects) = preSolution
		{F38A675E-B739-402B-A726-3DB71028D958} = {F0C992A0-9D5A-49B1-AB1A-F3A389B40B51}
		{5F9C68D1-6415-430B-9C9A-C8C70570BAAC} = {F0C992A0-9D5A-49B1-AB1A-F3A389B40B51}
	EndGlobalSection
	GlobalSection(ExtensibilityGlobals) = postSolution
		SolutionGuid = {C88E14FA-AEED-4554-9767-9C034289A626}
	EndGlobalSection
EndGlobal
